
Microsoft Visual Studio Solution File, Format Version 12.00
# Visual Studio Version 17
VisualStudioVersion = 17.10.35122.118
MinimumVisualStudioVersion = 10.0.40219.1
Project("{FAE04EC0-301F-11D3-BF4B-00C04F79EFBC}") = "Application", "Application\Application.csproj", "{E47C5A8E-C873-4078-B99B-E33B14B52350}"
EndProject
Project("{FAE04EC0-301F-11D3-BF4B-00C04F79EFBC}") = "Contracts", "Contracts\Contracts.csproj", "{E72BA210-2F69-464F-983B-1CBBEFB8DFFE}"
EndProject
Project("{FAE04EC0-301F-11D3-BF4B-00C04F79EFBC}") = "Domain", "Domain\Domain.csproj", "{0BBAB0FB-84C2-4F63-9AC7-0A8D3866121F}"
EndProject
Project("{FAE04EC0-301F-11D3-BF4B-00C04F79EFBC}") = "Persistence", "Persistence\Persistence.csproj", "{A26782B9-9DB0-4D07-B7CB-3621C4BE3BEE}"
EndProject
Project("{FAE04EC0-301F-11D3-BF4B-00C04F79EFBC}") = "Api", "Api\Api.csproj", "{BA6257E4-42A3-4BA0-9E5F-0E73F0F5243E}"
EndProject
Global
	GlobalSection(SolutionConfigurationPlatforms) = preSolution
		Debug|Any CPU = Debug|Any CPU
		Release|Any CPU = Release|Any CPU
	EndGlobalSection
	GlobalSection(ProjectConfigurationPlatforms) = postSolution
		{E47C5A8E-C873-4078-B99B-E33B14B52350}.Debug|Any CPU.ActiveCfg = Debug|Any CPU
		{E47C5A8E-C873-4078-B99B-E33B14B52350}.Debug|Any CPU.Build.0 = Debug|Any CPU
		{E47C5A8E-C873-4078-B99B-E33B14B52350}.Release|Any CPU.ActiveCfg = Release|Any CPU
		{E47C5A8E-C873-4078-B99B-E33B14B52350}.Release|Any CPU.Build.0 = Release|Any CPU
		{E72BA210-2F69-464F-983B-1CBBEFB8DFFE}.Debug|Any CPU.ActiveCfg = Debug|Any CPU
		{E72BA210-2F69-464F-983B-1CBBEFB8DFFE}.Debug|Any CPU.Build.0 = Debug|Any CPU
		{E72BA210-2F69-464F-983B-1CBBEFB8DFFE}.Release|Any CPU.ActiveCfg = Release|Any CPU
		{E72BA210-2F69-464F-983B-1CBBEFB8DFFE}.Release|Any CPU.Build.0 = Release|Any CPU
		{0BBAB0FB-84C2-4F63-9AC7-0A8D3866121F}.Debug|Any CPU.ActiveCfg = Debug|Any CPU
		{0BBAB0FB-84C2-4F63-9AC7-0A8D3866121F}.Debug|Any CPU.Build.0 = Debug|Any CPU
		{0BBAB0FB-84C2-4F63-9AC7-0A8D3866121F}.Release|Any CPU.ActiveCfg = Release|Any CPU
		{0BBAB0FB-84C2-4F63-9AC7-0A8D3866121F}.Release|Any CPU.Build.0 = Release|Any CPU
		{A26782B9-9DB0-4D07-B7CB-3621C4BE3BEE}.Debug|Any CPU.ActiveCfg = Debug|Any CPU
		{A26782B9-9DB0-4D07-B7CB-3621C4BE3BEE}.Debug|Any CPU.Build.0 = Debug|Any CPU
		{A26782B9-9DB0-4D07-B7CB-3621C4BE3BEE}.Release|Any CPU.ActiveCfg = Release|Any CPU
		{A26782B9-9DB0-4D07-B7CB-3621C4BE3BEE}.Release|Any CPU.Build.0 = Release|Any CPU
		{BA6257E4-42A3-4BA0-9E5F-0E73F0F5243E}.Debug|Any CPU.ActiveCfg = Debug|Any CPU
		{BA6257E4-42A3-4BA0-9E5F-0E73F0F5243E}.Debug|Any CPU.Build.0 = Debug|Any CPU
		{BA6257E4-42A3-4BA0-9E5F-0E73F0F5243E}.Release|Any CPU.ActiveCfg = Release|Any CPU
		{BA6257E4-42A3-4BA0-9E5F-0E73F0F5243E}.Release|Any CPU.Build.0 = Release|Any CPU
	EndGlobalSection
	GlobalSection(SolutionProperties) = preSolution
		HideSolutionNode = FALSE
	EndGlobalSection
	GlobalSection(ExtensibilityGlobals) = postSolution
		SolutionGuid = {67108B72-CDC5-4DC2-9D4B-04B50B1BF258}
	EndGlobalSection
EndGlobal
